{
  "requires": true,
  "lockfileVersion": 1,
  "dependencies": {
    "gsap": {
      "version": "3.3.0",
      "resolved": "https://registry.npmjs.org/gsap/-/gsap-3.3.0.tgz",
      "integrity": "sha512-MIcLOH8HCGvjyuLpzNBMKK+GdoL9wmJU+8nwauSZkqTyDlI1ugD0Sbhu7HO3805u7NqSv811murbu6eipVhJqw=="
    },
    "install": {
      "version": "0.13.0",
      "resolved": "https://registry.npmjs.org/install/-/install-0.13.0.tgz",
      "integrity": "sha512-zDml/jzr2PKU9I8J/xyZBQn8rPCAY//UOYNmR01XwNwyfhEWObo2SWfSl1+0tm1u6PhxLwDnfsT/6jB7OUxqFA=="
    }
  }
}
