{
  "requires": true,
  "lockfileVersion": 1,
  "dependencies": {
    "gsap": {
      "version": "3.2.4",
      "resolved": "https://registry.npmjs.org/gsap/-/gsap-3.2.4.tgz",
      "integrity": "sha512-ssWh9xKV4COyOVFl4OdJmO5CIsUPaL5Fetw08dyBeAU8ZKS7jzlMgwtUOseXL8lvXq6amNNzD7/MdOLgeFWEIQ=="
    }
  }
}
